
Microsoft Visual Studio Solution File, Format Version 12.00
# Visual Studio Version 16
VisualStudioVersion = 16.0.31729.503
MinimumVisualStudioVersion = 10.0.40219.1
Project("{FAE04EC0-301F-11D3-BF4B-00C04F79EFBC}") = "ClientProxyForm-P5-044", "ClientProxyForm-P5-044\ClientProxyForm-P5-044.csproj", "{5BBB8629-7B7A-48CF-AA7D-5733640BCB4B}"
EndProject
Global
	GlobalSection(SolutionConfigurationPlatforms) = preSolution
		Debug|Any CPU = Debug|Any CPU
		Release|Any CPU = Release|Any CPU
	EndGlobalSection
	GlobalSection(ProjectConfigurationPlatforms) = postSolution
		{5BBB8629-7B7A-48CF-AA7D-5733640BCB4B}.Debug|Any CPU.ActiveCfg = Debug|Any CPU
		{5BBB8629-7B7A-48CF-AA7D-5733640BCB4B}.Debug|Any CPU.Build.0 = Debug|Any CPU
		{5BBB8629-7B7A-48CF-AA7D-5733640BCB4B}.Release|Any CPU.ActiveCfg = Release|Any CPU
		{5BBB8629-7B7A-48CF-AA7D-5733640BCB4B}.Release|Any CPU.Build.0 = Release|Any CPU
	EndGlobalSection
	GlobalSection(SolutionProperties) = preSolution
		HideSolutionNode = FALSE
	EndGlobalSection
	GlobalSection(ExtensibilityGlobals) = postSolution
		SolutionGuid = {923A5506-3EB8-4B54-91F2-8DADAEB85DFF}
	EndGlobalSection
EndGlobal
